
Microsoft Visual Studio Solution File, Format Version 12.00
# Visual Studio Version 17
VisualStudioVersion = 17.6.33829.357
MinimumVisualStudioVersion = 10.0.40219.1
Project("{FAE04EC0-301F-11D3-BF4B-00C04F79EFBC}") = "paralelo_PROYECTO", "paralelo_PROYECTO\paralelo_PROYECTO.csproj", "{2331FB11-18B3-425D-8538-8B9C65BB71E2}"
EndProject
Global
	GlobalSection(SolutionConfigurationPlatforms) = preSolution
		Debug|Any CPU = Debug|Any CPU
		Release|Any CPU = Release|Any CPU
	EndGlobalSection
	GlobalSection(ProjectConfigurationPlatforms) = postSolution
		{2331FB11-18B3-425D-8538-8B9C65BB71E2}.Debug|Any CPU.ActiveCfg = Debug|Any CPU
		{2331FB11-18B3-425D-8538-8B9C65BB71E2}.Debug|Any CPU.Build.0 = Debug|Any CPU
		{2331FB11-18B3-425D-8538-8B9C65BB71E2}.Release|Any CPU.ActiveCfg = Release|Any CPU
		{2331FB11-18B3-425D-8538-8B9C65BB71E2}.Release|Any CPU.Build.0 = Release|Any CPU
	EndGlobalSection
	GlobalSection(SolutionProperties) = preSolution
		HideSolutionNode = FALSE
	EndGlobalSection
	GlobalSection(ExtensibilityGlobals) = postSolution
		SolutionGuid = {9EF785D0-2BD2-4C36-A64D-13E0AE1E90E3}
	EndGlobalSection
EndGlobal
